
Microsoft Visual Studio Solution File, Format Version 12.00
# Visual Studio Version 16
VisualStudioVersion = 16.0.31624.102
MinimumVisualStudioVersion = 10.0.40219.1
Project("{9A19103F-16F7-4668-BE54-9A1E7A4F7556}") = "Entities", "Entities\Entities.csproj", "{CC7B4A23-B9FB-452E-915E-13D4AB7E0741}"
EndProject
Project("{FAE04EC0-301F-11D3-BF4B-00C04F79EFBC}") = "Application", "Application\Application.csproj", "{C3930C2E-B223-4632-90BB-49C7BADA480A}"
EndProject
Project("{FAE04EC0-301F-11D3-BF4B-00C04F79EFBC}") = "Data", "Data\Data.csproj", "{7D753039-F856-4BB6-97ED-117BAE0319A0}"
EndProject
Global
	GlobalSection(SolutionConfigurationPlatforms) = preSolution
		Debug|Any CPU = Debug|Any CPU
		Release|Any CPU = Release|Any CPU
	EndGlobalSection
	GlobalSection(ProjectConfigurationPlatforms) = postSolution
		{CC7B4A23-B9FB-452E-915E-13D4AB7E0741}.Debug|Any CPU.ActiveCfg = Debug|Any CPU
		{CC7B4A23-B9FB-452E-915E-13D4AB7E0741}.Debug|Any CPU.Build.0 = Debug|Any CPU
		{CC7B4A23-B9FB-452E-915E-13D4AB7E0741}.Release|Any CPU.ActiveCfg = Release|Any CPU
		{CC7B4A23-B9FB-452E-915E-13D4AB7E0741}.Release|Any CPU.Build.0 = Release|Any CPU
		{C3930C2E-B223-4632-90BB-49C7BADA480A}.Debug|Any CPU.ActiveCfg = Debug|Any CPU
		{C3930C2E-B223-4632-90BB-49C7BADA480A}.Debug|Any CPU.Build.0 = Debug|Any CPU
		{C3930C2E-B223-4632-90BB-49C7BADA480A}.Release|Any CPU.ActiveCfg = Release|Any CPU
		{C3930C2E-B223-4632-90BB-49C7BADA480A}.Release|Any CPU.Build.0 = Release|Any CPU
		{7D753039-F856-4BB6-97ED-117BAE0319A0}.Debug|Any CPU.ActiveCfg = Debug|Any CPU
		{7D753039-F856-4BB6-97ED-117BAE0319A0}.Debug|Any CPU.Build.0 = Debug|Any CPU
		{7D753039-F856-4BB6-97ED-117BAE0319A0}.Release|Any CPU.ActiveCfg = Release|Any CPU
		{7D753039-F856-4BB6-97ED-117BAE0319A0}.Release|Any CPU.Build.0 = Release|Any CPU
	EndGlobalSection
	GlobalSection(SolutionProperties) = preSolution
		HideSolutionNode = FALSE
	EndGlobalSection
	GlobalSection(ExtensibilityGlobals) = postSolution
		SolutionGuid = {7F41F801-46A8-485E-80B8-663170E4E99C}
	EndGlobalSection
EndGlobal
